// !$*UTF8*$!
{
	archiveVersion = 1;
	classes = {
	};
	objectVersion = 77;
	objects = {

/* Begin PBXBuildFile section */
		1F4AE86C2EE0AD0D006D4E1C /* ComposableArchitecture in Frameworks */ = {isa = PBXBuildFile; productRef = 1F4AE86B2EE0AD0D006D4E1C /* ComposableArchitecture */; };
/* End PBXBuildFile section */

/* Begin PBXContainerItemProxy section */
		1FDE60A92EE0AA4500933D0C /* PBXContainerItemProxy */ = {
			isa = PBXContainerItemProxy;
			containerPortal = 1FDE60932EE0AA4400933D0C /* Project object */;
			proxyType = 1;
			remoteGlobalIDString = 1FDE609A2EE0AA4400933D0C;
			remoteInfo = "Purple Tech Task";
		};
		1FDE60B32EE0AA4500933D0C /* PBXContainerItemProxy */ = {
			isa = PBXContainerItemProxy;
			containerPortal = 1FDE60932EE0AA4400933D0C /* Project object */;
			proxyType = 1;
			remoteGlobalIDString = 1FDE609A2EE0AA4400933D0C;
			remoteInfo = "Purple Tech Task";
		};
/* End PBXContainerItemProxy section */

/* Begin PBXFileReference section */
		1FDE609B2EE0AA4400933D0C /* Purple Tech Task.app */ = {isa = PBXFileReference; explicitFileType = wrapper.application; includeInIndex = 0; path = "Purple Tech Task.app"; sourceTree = BUILT_PRODUCTS_DIR; };
		1FDE60A82EE0AA4500933D0C /* Purple Tech TaskTests.xctest */ = {isa = PBXFileReference; explicitFileType = wrapper.cfbundle; includeInIndex = 0; path = "Purple Tech TaskTests.xctest"; sourceTree = BUILT_PRODUCTS_DIR; };
		1FDE60B22EE0AA4500933D0C /* Purple Tech TaskUITests.xctest */ = {isa = PBXFileReference; explicitFileType = wrapper.cfbundle; includeInIndex = 0; path = "Purple Tech TaskUITests.xctest"; sourceTree = BUILT_PRODUCTS_DIR; };
/* End PBXFileReference section */

/* Begin PBXFileSystemSynchronizedBuildFileExceptionSet section */
		1F4AE8F12EE0B1A4006D4E1C /* Exceptions for "Purple Tech Task" folder in "Purple Tech Task" target */ = {
			isa = PBXFileSystemSynchronizedBuildFileExceptionSet;
			membershipExceptions = (
				"Helpers/DateFormatter+Extension.swift",
			);
			target = 1FDE609A2EE0AA4400933D0C /* Purple Tech Task */;
		};
/* End PBXFileSystemSynchronizedBuildFileExceptionSet section */

/* Begin PBXFileSystemSynchronizedGroupBuildPhaseMembershipExceptionSet section */
		1F4AE8F22EE0B1A4006D4E1C /* Exceptions for "Purple Tech Task" folder in "Copy Bundle Resources" phase from "Purple Tech Task" target */ = {
			isa = PBXFileSystemSynchronizedGroupBuildPhaseMembershipExceptionSet;
			buildPhase = 1FDE60992EE0AA4400933D0C /* Resources */;
			membershipExceptions = (
				"Helpers/DateFormatter+Extension.swift",
			);
		};
/* End PBXFileSystemSynchronizedGroupBuildPhaseMembershipExceptionSet section */

/* Begin PBXFileSystemSynchronizedRootGroup section */
		1FDE609D2EE0AA4400933D0C /* Purple Tech Task */ = {
			isa = PBXFileSystemSynchronizedRootGroup;
			exceptions = (
				1F4AE8F12EE0B1A4006D4E1C /* Exceptions for "Purple Tech Task" folder in "Purple Tech Task" target */,
				1F4AE8F22EE0B1A4006D4E1C /* Exceptions for "Purple Tech Task" folder in "Copy Bundle Resources" phase from "Purple Tech Task" target */,
			);
			path = "Purple Tech Task";
			sourceTree = "<group>";
		};
		1FDE60AB2EE0AA4500933D0C /* Purple Tech TaskTests */ = {
			isa = PBXFileSystemSynchronizedRootGroup;
			path = "Purple Tech TaskTests";
			sourceTree = "<group>";
		};
		1FDE60B52EE0AA4500933D0C /* Purple Tech TaskUITests */ = {
			isa = PBXFileSystemSynchronizedRootGroup;
			path = "Purple Tech TaskUITests";
			sourceTree = "<group>";
		};
/* End PBXFileSystemSynchronizedRootGroup section */

/* Begin PBXFrameworksBuildPhase section */
		1FDE60982EE0AA4400933D0C /* Frameworks */ = {
			isa = PBXFrameworksBuildPhase;
			buildActionMask = 2147483647;
			files = (
				1F4AE86C2EE0AD0D006D4E1C /* ComposableArchitecture in Frameworks */,
			);
			runOnlyForDeploymentPostprocessing = 0;
		};
		1FDE60A52EE0AA4500933D0C /* Frameworks */ = {
			isa = PBXFrameworksBuildPhase;
			buildActionMask = 2147483647;
			files = (
			);
			runOnlyForDeploymentPostprocessing = 0;
		};
		1FDE60AF2EE0AA4500933D0C /* Frameworks */ = {
			isa = PBXFrameworksBuildPhase;
			buildActionMask = 2147483647;
			files = (
			);
			runOnlyForDeploymentPostprocessing = 0;
		};
/* End PBXFrameworksBuildPhase section */

/* Begin PBXGroup section */
		1FDE60922EE0AA4400933D0C = {
			isa = PBXGroup;
			children = (
				1FDE609D2EE0AA4400933D0C /* Purple Tech Task */,
				1FDE60AB2EE0AA4500933D0C /* Purple Tech TaskTests */,
				1FDE60B52EE0AA4500933D0C /* Purple Tech TaskUITests */,
				1FDE609C2EE0AA4400933D0C /* Products */,
			);
			sourceTree = "<group>";
		};
		1FDE609C2EE0AA4400933D0C /* Products */ = {
			isa = PBXGroup;
			children = (
				1FDE609B2EE0AA4400933D0C /* Purple Tech Task.app */,
				1FDE60A82EE0AA4500933D0C /* Purple Tech TaskTests.xctest */,
				1FDE60B22EE0AA4500933D0C /* Purple Tech TaskUITests.xctest */,
			);
			name = Products;
			sourceTree = "<group>";
		};
/* End PBXGroup section */

/* Begin PBXNativeTarget section */
		1FDE609A2EE0AA4400933D0C /* Purple Tech Task */ = {
			isa = PBXNativeTarget;
			buildConfigurationList = 1FDE60BC2EE0AA4500933D0C /* Build configuration list for PBXNativeTarget "Purple Tech Task" */;
			buildPhases = (
				1FDE60972EE0AA4400933D0C /* Sources */,
				1FDE60982EE0AA4400933D0C /* Frameworks */,
				1FDE60992EE0AA4400933D0C /* Resources */,
			);
			buildRules = (
			);
			dependencies = (
			);
			fileSystemSynchronizedGroups = (
				1FDE609D2EE0AA4400933D0C /* Purple Tech Task */,
			);
			name = "Purple Tech Task";
			packageProductDependencies = (
				1F4AE86B2EE0AD0D006D4E1C /* ComposableArchitecture */,
			);
			productName = "Purple Tech Task";
			productReference = 1FDE609B2EE0AA4400933D0C /* Purple Tech Task.app */;
			productType = "com.apple.product-type.application";
		};
		1FDE60A72EE0AA4500933D0C /* Purple Tech TaskTests */ = {
			isa = PBXNativeTarget;
			buildConfigurationList = 1FDE60BF2EE0AA4500933D0C /* Build configuration list for PBXNativeTarget "Purple Tech TaskTests" */;
			buildPhases = (
				1FDE60A42EE0AA4500933D0C /* Sources */,
				1FDE60A52EE0AA4500933D0C /* Frameworks */,
				1FDE60A62EE0AA4500933D0C /* Resources */,
			);
			buildRules = (
			);
			dependencies = (
				1FDE60AA2EE0AA4500933D0C /* PBXTargetDependency */,
			);
			fileSystemSynchronizedGroups = (
				1FDE60AB2EE0AA4500933D0C /* Purple Tech TaskTests */,
			);
			name = "Purple Tech TaskTests";
			packageProductDependencies = (
			);
			productName = "Purple Tech TaskTests";
			productReference = 1FDE60A82EE0AA4500933D0C /* Purple Tech TaskTests.xctest */;
			productType = "com.apple.product-type.bundle.unit-test";
		};
		1FDE60B12EE0AA4500933D0C /* Purple Tech TaskUITests */ = {
			isa = PBXNativeTarget;
			buildConfigurationList = 1FDE60C22EE0AA4500933D0C /* Build configuration list for PBXNativeTarget "Purple Tech TaskUITests" */;
			buildPhases = (
				1FDE60AE2EE0AA4500933D0C /* Sources */,
				1FDE60AF2EE0AA4500933D0C /* Frameworks */,
				1FDE60B02EE0AA4500933D0C /* Resources */,
			);
			buildRules = (
			);
			dependencies = (
				1FDE60B42EE0AA4500933D0C /* PBXTargetDependency */,
			);
			fileSystemSynchronizedGroups = (
				1FDE60B52EE0AA4500933D0C /* Purple Tech TaskUITests */,
			);
			name = "Purple Tech TaskUITests";
			packageProductDependencies = (
			);
			productName = "Purple Tech TaskUITests";
			productReference = 1FDE60B22EE0AA4500933D0C /* Purple Tech TaskUITests.xctest */;
			productType = "com.apple.product-type.bundle.ui-testing";
		};
/* End PBXNativeTarget section */

/* Begin PBXProject section */
		1FDE60932EE0AA4400933D0C /* Project object */ = {
			isa = PBXProject;
			attributes = {
				BuildIndependentTargetsInParallel = 1;
				LastSwiftUpdateCheck = 2610;
				LastUpgradeCheck = 2610;
				TargetAttributes = {
					1FDE609A2EE0AA4400933D0C = {
						CreatedOnToolsVersion = 26.1.1;
					};
					1FDE60A72EE0AA4500933D0C = {
						CreatedOnToolsVersion = 26.1.1;
						TestTargetID = 1FDE609A2EE0AA4400933D0C;
					};
					1FDE60B12EE0AA4500933D0C = {
						CreatedOnToolsVersion = 26.1.1;
						TestTargetID = 1FDE609A2EE0AA4400933D0C;
					};
				};
			};
			buildConfigurationList = 1FDE60962EE0AA4400933D0C /* Build configuration list for PBXProject "Purple Tech Task" */;
			developmentRegion = en;
			hasScannedForEncodings = 0;
			knownRegions = (
				en,
				Base,
			);
			mainGroup = 1FDE60922EE0AA4400933D0C;
			minimizedProjectReferenceProxies = 1;
			packageReferences = (
				1F4AE86A2EE0AD0D006D4E1C /* XCRemoteSwiftPackageReference "swift-composable-architecture" */,
			);
			preferredProjectObjectVersion = 77;
			productRefGroup = 1FDE609C2EE0AA4400933D0C /* Products */;
			projectDirPath = "";
			projectRoot = "";
			targets = (
				1FDE609A2EE0AA4400933D0C /* Purple Tech Task */,
				1FDE60A72EE0AA4500933D0C /* Purple Tech TaskTests */,
				1FDE60B12EE0AA4500933D0C /* Purple Tech TaskUITests */,
			);
		};
/* End PBXProject section */

/* Begin PBXResourcesBuildPhase section */
		1FDE60992EE0AA4400933D0C /* Resources */ = {
			isa = PBXResourcesBuildPhase;
			buildActionMask = 2147483647;
			files = (
			);
			runOnlyForDeploymentPostprocessing = 0;
		};
		1FDE60A62EE0AA4500933D0C /* Resources */ = {
			isa = PBXResourcesBuildPhase;
			buildActionMask = 2147483647;
			files = (
			);
			runOnlyForDeploymentPostprocessing = 0;
		};
		1FDE60B02EE0AA4500933D0C /* Resources */ = {
			isa = PBXResourcesBuildPhase;
			buildActionMask = 2147483647;
			files = (
			);
			runOnlyForDeploymentPostprocessing = 0;
		};
/* End PBXResourcesBuildPhase section */

/* Begin PBXSourcesBuildPhase section */
		1FDE60972EE0AA4400933D0C /* Sources */ = {
			isa = PBXSourcesBuildPhase;
			buildActionMask = 2147483647;
			files = (
			);
			runOnlyForDeploymentPostprocessing = 0;
		};
		1FDE60A42EE0AA4500933D0C /* Sources */ = {
			isa = PBXSourcesBuildPhase;
			buildActionMask = 2147483647;
			files = (
			);
			runOnlyForDeploymentPostprocessing = 0;
		};
		1FDE60AE2EE0AA4500933D0C /* Sources */ = {
			isa = PBXSourcesBuildPhase;
			buildActionMask = 2147483647;
			files = (
			);
			runOnlyForDeploymentPostprocessing = 0;
		};
/* End PBXSourcesBuildPhase section */

/* Begin PBXTargetDependency section */
		1FDE60AA2EE0AA4500933D0C /* PBXTargetDependency */ = {
			isa = PBXTargetDependency;
			target = 1FDE609A2EE0AA4400933D0C /* Purple Tech Task */;
			targetProxy = 1FDE60A92EE0AA4500933D0C /* PBXContainerItemProxy */;
		};
		1FDE60B42EE0AA4500933D0C /* PBXTargetDependency */ = {
			isa = PBXTargetDependency;
			target = 1FDE609A2EE0AA4400933D0C /* Purple Tech Task */;
			targetProxy = 1FDE60B32EE0AA4500933D0C /* PBXContainerItemProxy */;
		};
/* End PBXTargetDependency section */

/* Begin XCBuildConfiguration section */
		1FDE60BA2EE0AA4500933D0C /* Debug */ = {
			isa = XCBuildConfiguration;
			buildSettings = {
				ALWAYS_SEARCH_USER_PATHS = NO;
				ASSETCATALOG_COMPILER_GENERATE_SWIFT_ASSET_SYMBOL_EXTENSIONS = YES;
				CLANG_ANALYZER_NONNULL = YES;
				CLANG_ANALYZER_NUMBER_OBJECT_CONVERSION = YES_AGGRESSIVE;
				CLANG_CXX_LANGUAGE_STANDARD = "gnu++20";
				CLANG_ENABLE_MODULES = YES;
				CLANG_ENABLE_OBJC_ARC = YES;
				CLANG_ENABLE_OBJC_WEAK = YES;
				CLANG_WARN_BLOCK_CAPTURE_AUTORELEASING = YES;
				CLANG_WARN_BOOL_CONVERSION = YES;
				CLANG_WARN_COMMA = YES;
				CLANG_WARN_CONSTANT_CONVERSION = YES;
				CLANG_WARN_DEPRECATED_OBJC_IMPLEMENTATIONS = YES;
				CLANG_WARN_DIRECT_OBJC_ISA_USAGE = YES_ERROR;
				CLANG_WARN_DOCUMENTATION_COMMENTS = YES;
				CLANG_WARN_EMPTY_BODY = YES;
				CLANG_WARN_ENUM_CONVERSION = YES;
				CLANG_WARN_INFINITE_RECURSION = YES;
				CLANG_WARN_INT_CONVERSION = YES;
				CLANG_WARN_NON_LITERAL_NULL_CONVERSION = YES;
				CLANG_WARN_OBJC_IMPLICIT_RETAIN_SELF = YES;
				CLANG_WARN_OBJC_LITERAL_CONVERSION = YES;
				CLANG_WARN_OBJC_ROOT_CLASS = YES_ERROR;
				CLANG_WARN_QUOTED_INCLUDE_IN_FRAMEWORK_HEADER = YES;
				CLANG_WARN_RANGE_LOOP_ANALYSIS = YES;
				CLANG_WARN_STRICT_PROTOTYPES = YES;
				CLANG_WARN_SUSPICIOUS_MOVE = YES;
				CLANG_WARN_UNGUARDED_AVAILABILITY = YES_AGGRESSIVE;
				CLANG_WARN_UNREACHABLE_CODE = YES;
				CLANG_WARN__DUPLICATE_METHOD_MATCH = YES;
				COPY_PHASE_STRIP = NO;
				DEBUG_INFORMATION_FORMAT = dwarf;
				DEVELOPMENT_TEAM = DK9FCM477U;
				ENABLE_STRICT_OBJC_MSGSEND = YES;
				ENABLE_TESTABILITY = YES;
				ENABLE_USER_SCRIPT_SANDBOXING = YES;
				GCC_C_LANGUAGE_STANDARD = gnu17;
				GCC_DYNAMIC_NO_PIC = NO;
				GCC_NO_COMMON_BLOCKS = YES;
				GCC_OPTIMIZATION_LEVEL = 0;
				GCC_PREPROCESSOR_DEFINITIONS = (
					"DEBUG=1",
					"$(inherited)",
				);
				GCC_WARN_64_TO_32_BIT_CONVERSION = YES;
				GCC_WARN_ABOUT_RETURN_TYPE = YES_ERROR;
				GCC_WARN_UNDECLARED_SELECTOR = YES;
				GCC_WARN_UNINITIALIZED_AUTOS = YES_AGGRESSIVE;
				GCC_WARN_UNUSED_FUNCTION = YES;
				GCC_WARN_UNUSED_VARIABLE = YES;
				IPHONEOS_DEPLOYMENT_TARGET = 26.1;
				LOCALIZATION_PREFERS_STRING_CATALOGS = YES;
				MTL_ENABLE_DEBUG_INFO = INCLUDE_SOURCE;
				MTL_FAST_MATH = YES;
				ONLY_ACTIVE_ARCH = YES;
				SDKROOT = iphoneos;
				SWIFT_ACTIVE_COMPILATION_CONDITIONS = "DEBUG $(inherited)";
				SWIFT_OPTIMIZATION_LEVEL = "-Onone";
			};
			name = Debug;
		};
		1FDE60BB2EE0AA4500933D0C /* Release */ = {
			isa = XCBuildConfiguration;
			buildSettings = {
				ALWAYS_SEARCH_USER_PATHS = NO;
				ASSETCATALOG_COMPILER_GENERATE_SWIFT_ASSET_SYMBOL_EXTENSIONS = YES;
				CLANG_ANALYZER_NONNULL = YES;
				CLANG_ANALYZER_NUMBER_OBJECT_CONVERSION = YES_AGGRESSIVE;
				CLANG_CXX_LANGUAGE_STANDARD = "gnu++20";
				CLANG_ENABLE_MODULES = YES;
				CLANG_ENABLE_OBJC_ARC = YES;
				CLANG_ENABLE_OBJC_WEAK = YES;
				CLANG_WARN_BLOCK_CAPTURE_AUTORELEASING = YES;
				CLANG_WARN_BOOL_CONVERSION = YES;
				CLANG_WARN_COMMA = YES;
				CLANG_WARN_CONSTANT_CONVERSION = YES;
				CLANG_WARN_DEPRECATED_OBJC_IMPLEMENTATIONS = YES;
				CLANG_WARN_DIRECT_OBJC_ISA_USAGE = YES_ERROR;
				CLANG_WARN_DOCUMENTATION_COMMENTS = YES;
				CLANG_WARN_EMPTY_BODY = YES;
				CLANG_WARN_ENUM_CONVERSION = YES;
				CLANG_WARN_INFINITE_RECURSION = YES;
				CLANG_WARN_INT_CONVERSION = YES;
				CLANG_WARN_NON_LITERAL_NULL_CONVERSION = YES;
				CLANG_WARN_OBJC_IMPLICIT_RETAIN_SELF = YES;
				CLANG_WARN_OBJC_LITERAL_CONVERSION = YES;
				CLANG_WARN_OBJC_ROOT_CLASS = YES_ERROR;
				CLANG_WARN_QUOTED_INCLUDE_IN_FRAMEWORK_HEADER = YES;
				CLANG_WARN_RANGE_LOOP_ANALYSIS = YES;
				CLANG_WARN_STRICT_PROTOTYPES = YES;
				CLANG_WARN_SUSPICIOUS_MOVE = YES;
				CLANG_WARN_UNGUARDED_AVAILABILITY = YES_AGGRESSIVE;
				CLANG_WARN_UNREACHABLE_CODE = YES;
				CLANG_WARN__DUPLICATE_METHOD_MATCH = YES;
				COPY_PHASE_STRIP = NO;
				DEBUG_INFORMATION_FORMAT = "dwarf-with-dsym";
				DEVELOPMENT_TEAM = DK9FCM477U;
				ENABLE_NS_ASSERTIONS = NO;
				ENABLE_STRICT_OBJC_MSGSEND = YES;
				ENABLE_USER_SCRIPT_SANDBOXING = YES;
				GCC_C_LANGUAGE_STANDARD = gnu17;
				GCC_NO_COMMON_BLOCKS = YES;
				GCC_WARN_64_TO_32_BIT_CONVERSION = YES;
				GCC_WARN_ABOUT_RETURN_TYPE = YES_ERROR;
				GCC_WARN_UNDECLARED_SELECTOR = YES;
				GCC_WARN_UNINITIALIZED_AUTOS = YES_AGGRESSIVE;
				GCC_WARN_UNUSED_FUNCTION = YES;
				GCC_WARN_UNUSED_VARIABLE = YES;
				IPHONEOS_DEPLOYMENT_TARGET = 26.1;
				LOCALIZATION_PREFERS_STRING_CATALOGS = YES;
				MTL_ENABLE_DEBUG_INFO = NO;
				MTL_FAST_MATH = YES;
				SDKROOT = iphoneos;
				SWIFT_COMPILATION_MODE = wholemodule;
				VALIDATE_PRODUCT = YES;
			};
			name = Release;
		};
		1FDE60BD2EE0AA4500933D0C /* Debug */ = {
			isa = XCBuildConfiguration;
			buildSettings = {
				ASSETCATALOG_COMPILER_APPICON_NAME = AppIcon;
				ASSETCATALOG_COMPILER_GLOBAL_ACCENT_COLOR_NAME = AccentColor;
				CODE_SIGN_STYLE = Automatic;
				CURRENT_PROJECT_VERSION = 1;
				DEVELOPMENT_TEAM = DK9FCM477U;
				ENABLE_PREVIEWS = YES;
				GENERATE_INFOPLIST_FILE = YES;
				INFOPLIST_KEY_UIApplicationSceneManifest_Generation = YES;
				INFOPLIST_KEY_UIApplicationSupportsIndirectInputEvents = YES;
				INFOPLIST_KEY_UILaunchScreen_Generation = YES;
				INFOPLIST_KEY_UISupportedInterfaceOrientations_iPad = "UIInterfaceOrientationPortrait UIInterfaceOrientationPortraitUpsideDown UIInterfaceOrientationLandscapeLeft UIInterfaceOrientationLandscapeRight";
				INFOPLIST_KEY_UISupportedInterfaceOrientations_iPhone = "UIInterfaceOrientationPortrait UIInterfaceOrientationLandscapeLeft UIInterfaceOrientationLandscapeRight";
				LD_RUNPATH_SEARCH_PATHS = (
					"$(inherited)",
					"@executable_path/Frameworks",
				);
				MARKETING_VERSION = 1.0;
				PRODUCT_BUNDLE_IDENTIFIER = "com.raivis.Purple-Tech-Task";
				PRODUCT_NAME = "$(TARGET_NAME)";
				STRING_CATALOG_GENERATE_SYMBOLS = YES;
				SWIFT_APPROACHABLE_CONCURRENCY = YES;
				SWIFT_DEFAULT_ACTOR_ISOLATION = MainActor;
				SWIFT_EMIT_LOC_STRINGS = YES;
				SWIFT_UPCOMING_FEATURE_MEMBER_IMPORT_VISIBILITY = YES;
				SWIFT_VERSION = 5.0;
				TARGETED_DEVICE_FAMILY = "1,2";
			};
			name = Debug;
		};
		1FDE60BE2EE0AA4500933D0C /* Release */ = {
			isa = XCBuildConfiguration;
			buildSettings = {
				ASSETCATALOG_COMPILER_APPICON_NAME = AppIcon;
				ASSETCATALOG_COMPILER_GLOBAL_ACCENT_COLOR_NAME = AccentColor;
				CODE_SIGN_STYLE = Automatic;
				CURRENT_PROJECT_VERSION = 1;
				DEVELOPMENT_TEAM = DK9FCM477U;
				ENABLE_PREVIEWS = YES;
				GENERATE_INFOPLIST_FILE = YES;
				INFOPLIST_KEY_UIApplicationSceneManifest_Generation = YES;
				INFOPLIST_KEY_UIApplicationSupportsIndirectInputEvents = YES;
				INFOPLIST_KEY_UILaunchScreen_Generation = YES;
				INFOPLIST_KEY_UISupportedInterfaceOrientations_iPad = "UIInterfaceOrientationPortrait UIInterfaceOrientationPortraitUpsideDown UIInterfaceOrientationLandscapeLeft UIInterfaceOrientationLandscapeRight";
				INFOPLIST_KEY_UISupportedInterfaceOrientations_iPhone = "UIInterfaceOrientationPortrait UIInterfaceOrientationLandscapeLeft UIInterfaceOrientationLandscapeRight";
				LD_RUNPATH_SEARCH_PATHS = (
					"$(inherited)",
					"@executable_path/Frameworks",
				);
				MARKETING_VERSION = 1.0;
				PRODUCT_BUNDLE_IDENTIFIER = "com.raivis.Purple-Tech-Task";
				PRODUCT_NAME = "$(TARGET_NAME)";
				STRING_CATALOG_GENERATE_SYMBOLS = YES;
				SWIFT_APPROACHABLE_CONCURRENCY = YES;
				SWIFT_DEFAULT_ACTOR_ISOLATION = MainActor;
				SWIFT_EMIT_LOC_STRINGS = YES;
				SWIFT_UPCOMING_FEATURE_MEMBER_IMPORT_VISIBILITY = YES;
				SWIFT_VERSION = 5.0;
				TARGETED_DEVICE_FAMILY = "1,2";
			};
			name = Release;
		};
		1FDE60C02EE0AA4500933D0C /* Debug */ = {
			isa = XCBuildConfiguration;
			buildSettings = {
				BUNDLE_LOADER = "$(TEST_HOST)";
				CODE_SIGN_STYLE = Automatic;
				CURRENT_PROJECT_VERSION = 1;
				DEVELOPMENT_TEAM = DK9FCM477U;
				GENERATE_INFOPLIST_FILE = YES;
				IPHONEOS_DEPLOYMENT_TARGET = 26.1;
				MARKETING_VERSION = 1.0;
				PRODUCT_BUNDLE_IDENTIFIER = "com.raivis.Purple-Tech-TaskTests";
				PRODUCT_NAME = "$(TARGET_NAME)";
				STRING_CATALOG_GENERATE_SYMBOLS = NO;
				SWIFT_APPROACHABLE_CONCURRENCY = YES;
				SWIFT_EMIT_LOC_STRINGS = NO;
				SWIFT_UPCOMING_FEATURE_MEMBER_IMPORT_VISIBILITY = YES;
				SWIFT_VERSION = 5.0;
				TARGETED_DEVICE_FAMILY = "1,2";
				TEST_HOST = "$(BUILT_PRODUCTS_DIR)/Purple Tech Task.app/$(BUNDLE_EXECUTABLE_FOLDER_PATH)/Purple Tech Task";
			};
			name = Debug;
		};
		1FDE60C12EE0AA4500933D0C /* Release */ = {
			isa = XCBuildConfiguration;
			buildSettings = {
				BUNDLE_LOADER = "$(TEST_HOST)";
				CODE_SIGN_STYLE = Automatic;
				CURRENT_PROJECT_VERSION = 1;
				DEVELOPMENT_TEAM = DK9FCM477U;
				GENERATE_INFOPLIST_FILE = YES;
				IPHONEOS_DEPLOYMENT_TARGET = 26.1;
				MARKETING_VERSION = 1.0;
				PRODUCT_BUNDLE_IDENTIFIER = "com.raivis.Purple-Tech-TaskTests";
				PRODUCT_NAME = "$(TARGET_NAME)";
				STRING_CATALOG_GENERATE_SYMBOLS = NO;
				SWIFT_APPROACHABLE_CONCURRENCY = YES;
				SWIFT_EMIT_LOC_STRINGS = NO;
				SWIFT_UPCOMING_FEATURE_MEMBER_IMPORT_VISIBILITY = YES;
				SWIFT_VERSION = 5.0;
				TARGETED_DEVICE_FAMILY = "1,2";
				TEST_HOST = "$(BUILT_PRODUCTS_DIR)/Purple Tech Task.app/$(BUNDLE_EXECUTABLE_FOLDER_PATH)/Purple Tech Task";
			};
			name = Release;
		};
		1FDE60C32EE0AA4500933D0C /* Debug */ = {
			isa = XCBuildConfiguration;
			buildSettings = {
				CODE_SIGN_STYLE = Automatic;
				CURRENT_PROJECT_VERSION = 1;
				DEVELOPMENT_TEAM = DK9FCM477U;
				GENERATE_INFOPLIST_FILE = YES;
				MARKETING_VERSION = 1.0;
				PRODUCT_BUNDLE_IDENTIFIER = "com.raivis.Purple-Tech-TaskUITests";
				PRODUCT_NAME = "$(TARGET_NAME)";
				STRING_CATALOG_GENERATE_SYMBOLS = NO;
				SWIFT_APPROACHABLE_CONCURRENCY = YES;
				SWIFT_EMIT_LOC_STRINGS = NO;
				SWIFT_UPCOMING_FEATURE_MEMBER_IMPORT_VISIBILITY = YES;
				SWIFT_VERSION = 5.0;
				TARGETED_DEVICE_FAMILY = "1,2";
				TEST_TARGET_NAME = "Purple Tech Task";
			};
			name = Debug;
		};
		1FDE60C42EE0AA4500933D0C /* Release */ = {
			isa = XCBuildConfiguration;
			buildSettings = {
				CODE_SIGN_STYLE = Automatic;
				CURRENT_PROJECT_VERSION = 1;
				DEVELOPMENT_TEAM = DK9FCM477U;
				GENERATE_INFOPLIST_FILE = YES;
				MARKETING_VERSION = 1.0;
				PRODUCT_BUNDLE_IDENTIFIER = "com.raivis.Purple-Tech-TaskUITests";
				PRODUCT_NAME = "$(TARGET_NAME)";
				STRING_CATALOG_GENERATE_SYMBOLS = NO;
				SWIFT_APPROACHABLE_CONCURRENCY = YES;
				SWIFT_EMIT_LOC_STRINGS = NO;
				SWIFT_UPCOMING_FEATURE_MEMBER_IMPORT_VISIBILITY = YES;
				SWIFT_VERSION = 5.0;
				TARGETED_DEVICE_FAMILY = "1,2";
				TEST_TARGET_NAME = "Purple Tech Task";
			};
			name = Release;
		};
/* End XCBuildConfiguration section */

/* Begin XCConfigurationList section */
		1FDE60962EE0AA4400933D0C /* Build configuration list for PBXProject "Purple Tech Task" */ = {
			isa = XCConfigurationList;
			buildConfigurations = (
				1FDE60BA2EE0AA4500933D0C /* Debug */,
				1FDE60BB2EE0AA4500933D0C /* Release */,
			);
			defaultConfigurationIsVisible = 0;
			defaultConfigurationName = Release;
		};
		1FDE60BC2EE0AA4500933D0C /* Build configuration list for PBXNativeTarget "Purple Tech Task" */ = {
			isa = XCConfigurationList;
			buildConfigurations = (
				1FDE60BD2EE0AA4500933D0C /* Debug */,
				1FDE60BE2EE0AA4500933D0C /* Release */,
			);
			defaultConfigurationIsVisible = 0;
			defaultConfigurationName = Release;
		};
		1FDE60BF2EE0AA4500933D0C /* Build configuration list for PBXNativeTarget "Purple Tech TaskTests" */ = {
			isa = XCConfigurationList;
			buildConfigurations = (
				1FDE60C02EE0AA4500933D0C /* Debug */,
				1FDE60C12EE0AA4500933D0C /* Release */,
			);
			defaultConfigurationIsVisible = 0;
			defaultConfigurationName = Release;
		};
		1FDE60C22EE0AA4500933D0C /* Build configuration list for PBXNativeTarget "Purple Tech TaskUITests" */ = {
			isa = XCConfigurationList;
			buildConfigurations = (
				1FDE60C32EE0AA4500933D0C /* Debug */,
				1FDE60C42EE0AA4500933D0C /* Release */,
			);
			defaultConfigurationIsVisible = 0;
			defaultConfigurationName = Release;
		};
/* End XCConfigurationList section */

/* Begin XCRemoteSwiftPackageReference section */
		1F4AE86A2EE0AD0D006D4E1C /* XCRemoteSwiftPackageReference "swift-composable-architecture" */ = {
			isa = XCRemoteSwiftPackageReference;
			repositoryURL = "https://github.com/pointfreeco/swift-composable-architecture";
			requirement = {
				kind = upToNextMajorVersion;
				minimumVersion = 1.23.1;
			};
		};
/* End XCRemoteSwiftPackageReference section */

/* Begin XCSwiftPackageProductDependency section */
		1F4AE86B2EE0AD0D006D4E1C /* ComposableArchitecture */ = {
			isa = XCSwiftPackageProductDependency;
			package = 1F4AE86A2EE0AD0D006D4E1C /* XCRemoteSwiftPackageReference "swift-composable-architecture" */;
			productName = ComposableArchitecture;
		};
/* End XCSwiftPackageProductDependency section */
	};
	rootObject = 1FDE60932EE0AA4400933D0C /* Project object */;
}
